
Microsoft Visual Studio Solution File, Format Version 12.00
# Visual Studio Version 17
VisualStudioVersion = 17.5.33414.496
MinimumVisualStudioVersion = 10.0.40219.1
Project("{FAE04EC0-301F-11D3-BF4B-00C04F79EFBC}") = "LibroSession", "LibroSession\LibroSession.csproj", "{31FEBE6E-2F3B-4036-AE53-AA012CCBE4B7}"
EndProject
Global
	GlobalSection(SolutionConfigurationPlatforms) = preSolution
		Debug|Any CPU = Debug|Any CPU
		Release|Any CPU = Release|Any CPU
	EndGlobalSection
	GlobalSection(ProjectConfigurationPlatforms) = postSolution
		{31FEBE6E-2F3B-4036-AE53-AA012CCBE4B7}.Debug|Any CPU.ActiveCfg = Debug|Any CPU
		{31FEBE6E-2F3B-4036-AE53-AA012CCBE4B7}.Debug|Any CPU.Build.0 = Debug|Any CPU
		{31FEBE6E-2F3B-4036-AE53-AA012CCBE4B7}.Release|Any CPU.ActiveCfg = Release|Any CPU
		{31FEBE6E-2F3B-4036-AE53-AA012CCBE4B7}.Release|Any CPU.Build.0 = Release|Any CPU
	EndGlobalSection
	GlobalSection(SolutionProperties) = preSolution
		HideSolutionNode = FALSE
	EndGlobalSection
	GlobalSection(ExtensibilityGlobals) = postSolution
		SolutionGuid = {3C7DDCC7-281B-4DFE-B61D-5AE6DCE32724}
	EndGlobalSection
EndGlobal
